
Microsoft Visual Studio Solution File, Format Version 12.00
# Visual Studio Version 16
VisualStudioVersion = 16.0.30002.166
MinimumVisualStudioVersion = 10.0.40219.1
Project("{FAE04EC0-301F-11D3-BF4B-00C04F79EFBC}") = "DistribuicaoAlelica", "DistribuicaoAlelica\DistribuicaoAlelica.csproj", "{6AD54EDC-B7E3-4E66-B54B-F110A2B2D12D}"
EndProject
Global
	GlobalSection(SolutionConfigurationPlatforms) = preSolution
		Debug|Any CPU = Debug|Any CPU
		Release|Any CPU = Release|Any CPU
	EndGlobalSection
	GlobalSection(ProjectConfigurationPlatforms) = postSolution
		{6AD54EDC-B7E3-4E66-B54B-F110A2B2D12D}.Debug|Any CPU.ActiveCfg = Debug|Any CPU
		{6AD54EDC-B7E3-4E66-B54B-F110A2B2D12D}.Debug|Any CPU.Build.0 = Debug|Any CPU
		{6AD54EDC-B7E3-4E66-B54B-F110A2B2D12D}.Release|Any CPU.ActiveCfg = Release|Any CPU
		{6AD54EDC-B7E3-4E66-B54B-F110A2B2D12D}.Release|Any CPU.Build.0 = Release|Any CPU
	EndGlobalSection
	GlobalSection(SolutionProperties) = preSolution
		HideSolutionNode = FALSE
	EndGlobalSection
	GlobalSection(ExtensibilityGlobals) = postSolution
		SolutionGuid = {3FB91471-ED9E-453F-B22B-870C1569F238}
	EndGlobalSection
EndGlobal
